// !$*UTF8*$!
{
	archiveVersion = 1;
	classes = {
	};
	objectVersion = 56;
	objects = {

/* Begin PBXBuildFile section */
		1E0739C32D244CB0003293D6 /* GTBFITAPPApp.swift in Sources */ = {isa = PBXBuildFile; fileRef = 1E0739C22D244CB0003293D6 /* GTBFITAPPApp.swift */; };
		1E0739C52D244CB0003293D6 /* ContentView.swift in Sources */ = {isa = PBXBuildFile; fileRef = 1E0739C42D244CB0003293D6 /* ContentView.swift */; };
		1E0739C72D244CB1003293D6 /* Assets.xcassets in Resources */ = {isa = PBXBuildFile; fileRef = 1E0739C62D244CB1003293D6 /* Assets.xcassets */; };
		1E0739CA2D244CB1003293D6 /* Preview Assets.xcassets in Resources */ = {isa = PBXBuildFile; fileRef = 1E0739C92D244CB1003293D6 /* Preview Assets.xcassets */; };
		1E0739CC2D244CB1003293D6 /* Persistence.swift in Sources */ = {isa = PBXBuildFile; fileRef = 1E0739CB2D244CB1003293D6 /* Persistence.swift */; };
		1E0739CF2D244CB1003293D6 /* GTBFITAPP.xcdatamodeld in Sources */ = {isa = PBXBuildFile; fileRef = 1E0739CD2D244CB1003293D6 /* GTBFITAPP.xcdatamodeld */; };
		1E0739D92D244CB1003293D6 /* GTBFITAPPTests.swift in Sources */ = {isa = PBXBuildFile; fileRef = 1E0739D82D244CB1003293D6 /* GTBFITAPPTests.swift */; };
		1E0739E32D244CB1003293D6 /* GTBFITAPPUITests.swift in Sources */ = {isa = PBXBuildFile; fileRef = 1E0739E22D244CB1003293D6 /* GTBFITAPPUITests.swift */; };
		1E0739E52D244CB1003293D6 /* GTBFITAPPUITestsLaunchTests.swift in Sources */ = {isa = PBXBuildFile; fileRef = 1E0739E42D244CB1003293D6 /* GTBFITAPPUITestsLaunchTests.swift */; };
		1E0739F22D244ED0003293D6 /* MainView.swift in Sources */ = {isa = PBXBuildFile; fileRef = 1E0739F12D244ED0003293D6 /* MainView.swift */; };
		1E0739F42D2451D0003293D6 /* LogFoodView.swift in Sources */ = {isa = PBXBuildFile; fileRef = 1E0739F32D2451D0003293D6 /* LogFoodView.swift */; };
		1E0739F62D245C22003293D6 /* FoodLookupView.swift in Sources */ = {isa = PBXBuildFile; fileRef = 1E0739F52D245C22003293D6 /* FoodLookupView.swift */; };
		1E0739F82D2470C0003293D6 /* LogExerciseView.swift in Sources */ = {isa = PBXBuildFile; fileRef = 1E0739F72D2470C0003293D6 /* LogExerciseView.swift */; };
		1E0739FA2D24D162003293D6 /* FoodLookupEntry.swift in Sources */ = {isa = PBXBuildFile; fileRef = 1E0739F92D24D162003293D6 /* FoodLookupEntry.swift */; };
		1E0739FC2D24ED27003293D6 /* ExerciseTableView.swift in Sources */ = {isa = PBXBuildFile; fileRef = 1E0739FB2D24ED27003293D6 /* ExerciseTableView.swift */; };
		1E0739FE2D24EF9A003293D6 /* JournalView.swift in Sources */ = {isa = PBXBuildFile; fileRef = 1E0739FD2D24EF9A003293D6 /* JournalView.swift */; };
		1E073A002D24F29A003293D6 /* logo in Resources */ = {isa = PBXBuildFile; fileRef = 1E0739FF2D24F29A003293D6 /* logo */; };
/* End PBXBuildFile section */

/* Begin PBXContainerItemProxy section */
		1E0739D52D244CB1003293D6 /* PBXContainerItemProxy */ = {
			isa = PBXContainerItemProxy;
			containerPortal = 1E0739B72D244CB0003293D6 /* Project object */;
			proxyType = 1;
			remoteGlobalIDString = 1E0739BE2D244CB0003293D6;
			remoteInfo = GTBFITAPP;
		};
		1E0739DF2D244CB1003293D6 /* PBXContainerItemProxy */ = {
			isa = PBXContainerItemProxy;
			containerPortal = 1E0739B72D244CB0003293D6 /* Project object */;
			proxyType = 1;
			remoteGlobalIDString = 1E0739BE2D244CB0003293D6;
			remoteInfo = GTBFITAPP;
		};
/* End PBXContainerItemProxy section */

/* Begin PBXFileReference section */
		1E0739BF2D244CB0003293D6 /* GTBFITAPP.app */ = {isa = PBXFileReference; explicitFileType = wrapper.application; includeInIndex = 0; path = GTBFITAPP.app; sourceTree = BUILT_PRODUCTS_DIR; };
		1E0739C22D244CB0003293D6 /* GTBFITAPPApp.swift */ = {isa = PBXFileReference; lastKnownFileType = sourcecode.swift; path = GTBFITAPPApp.swift; sourceTree = "<group>"; };
		1E0739C42D244CB0003293D6 /* ContentView.swift */ = {isa = PBXFileReference; lastKnownFileType = sourcecode.swift; path = ContentView.swift; sourceTree = "<group>"; };
		1E0739C62D244CB1003293D6 /* Assets.xcassets */ = {isa = PBXFileReference; lastKnownFileType = folder.assetcatalog; path = Assets.xcassets; sourceTree = "<group>"; };
		1E0739C92D244CB1003293D6 /* Preview Assets.xcassets */ = {isa = PBXFileReference; lastKnownFileType = folder.assetcatalog; path = "Preview Assets.xcassets"; sourceTree = "<group>"; };
		1E0739CB2D244CB1003293D6 /* Persistence.swift */ = {isa = PBXFileReference; lastKnownFileType = sourcecode.swift; path = Persistence.swift; sourceTree = "<group>"; };
		1E0739CE2D244CB1003293D6 /* GTBFITAPP.xcdatamodel */ = {isa = PBXFileReference; lastKnownFileType = wrapper.xcdatamodel; path = GTBFITAPP.xcdatamodel; sourceTree = "<group>"; };
		1E0739D42D244CB1003293D6 /* GTBFITAPPTests.xctest */ = {isa = PBXFileReference; explicitFileType = wrapper.cfbundle; includeInIndex = 0; path = GTBFITAPPTests.xctest; sourceTree = BUILT_PRODUCTS_DIR; };
		1E0739D82D244CB1003293D6 /* GTBFITAPPTests.swift */ = {isa = PBXFileReference; lastKnownFileType = sourcecode.swift; path = GTBFITAPPTests.swift; sourceTree = "<group>"; };
		1E0739DE2D244CB1003293D6 /* GTBFITAPPUITests.xctest */ = {isa = PBXFileReference; explicitFileType = wrapper.cfbundle; includeInIndex = 0; path = GTBFITAPPUITests.xctest; sourceTree = BUILT_PRODUCTS_DIR; };
		1E0739E22D244CB1003293D6 /* GTBFITAPPUITests.swift */ = {isa = PBXFileReference; lastKnownFileType = sourcecode.swift; path = GTBFITAPPUITests.swift; sourceTree = "<group>"; };
		1E0739E42D244CB1003293D6 /* GTBFITAPPUITestsLaunchTests.swift */ = {isa = PBXFileReference; lastKnownFileType = sourcecode.swift; path = GTBFITAPPUITestsLaunchTests.swift; sourceTree = "<group>"; };
		1E0739F12D244ED0003293D6 /* MainView.swift */ = {isa = PBXFileReference; lastKnownFileType = sourcecode.swift; path = MainView.swift; sourceTree = "<group>"; };
		1E0739F32D2451D0003293D6 /* LogFoodView.swift */ = {isa = PBXFileReference; lastKnownFileType = sourcecode.swift; path = LogFoodView.swift; sourceTree = "<group>"; };
		1E0739F52D245C22003293D6 /* FoodLookupView.swift */ = {isa = PBXFileReference; lastKnownFileType = sourcecode.swift; path = FoodLookupView.swift; sourceTree = "<group>"; };
		1E0739F72D2470C0003293D6 /* LogExerciseView.swift */ = {isa = PBXFileReference; lastKnownFileType = sourcecode.swift; path = LogExerciseView.swift; sourceTree = "<group>"; };
		1E0739F92D24D162003293D6 /* FoodLookupEntry.swift */ = {isa = PBXFileReference; lastKnownFileType = sourcecode.swift; path = FoodLookupEntry.swift; sourceTree = "<group>"; };
		1E0739FB2D24ED27003293D6 /* ExerciseTableView.swift */ = {isa = PBXFileReference; lastKnownFileType = sourcecode.swift; path = ExerciseTableView.swift; sourceTree = "<group>"; };
		1E0739FD2D24EF9A003293D6 /* JournalView.swift */ = {isa = PBXFileReference; lastKnownFileType = sourcecode.swift; path = JournalView.swift; sourceTree = "<group>"; };
		1E0739FF2D24F29A003293D6 /* logo */ = {isa = PBXFileReference; lastKnownFileType = file; path = logo; sourceTree = "<group>"; };
/* End PBXFileReference section */

/* Begin PBXFrameworksBuildPhase section */
		1E0739BC2D244CB0003293D6 /* Frameworks */ = {
			isa = PBXFrameworksBuildPhase;
			buildActionMask = 2147483647;
			files = (
			);
			runOnlyForDeploymentPostprocessing = 0;
		};
		1E0739D12D244CB1003293D6 /* Frameworks */ = {
			isa = PBXFrameworksBuildPhase;
			buildActionMask = 2147483647;
			files = (
			);
			runOnlyForDeploymentPostprocessing = 0;
		};
		1E0739DB2D244CB1003293D6 /* Frameworks */ = {
			isa = PBXFrameworksBuildPhase;
			buildActionMask = 2147483647;
			files = (
			);
			runOnlyForDeploymentPostprocessing = 0;
		};
/* End PBXFrameworksBuildPhase section */

/* Begin PBXGroup section */
		1E0739B62D244CB0003293D6 = {
			isa = PBXGroup;
			children = (
				1E0739C12D244CB0003293D6 /* GTBFITAPP */,
				1E0739D72D244CB1003293D6 /* GTBFITAPPTests */,
				1E0739E12D244CB1003293D6 /* GTBFITAPPUITests */,
				1E0739C02D244CB0003293D6 /* Products */,
			);
			sourceTree = "<group>";
		};
		1E0739C02D244CB0003293D6 /* Products */ = {
			isa = PBXGroup;
			children = (
				1E0739BF2D244CB0003293D6 /* GTBFITAPP.app */,
				1E0739D42D244CB1003293D6 /* GTBFITAPPTests.xctest */,
				1E0739DE2D244CB1003293D6 /* GTBFITAPPUITests.xctest */,
			);
			name = Products;
			sourceTree = "<group>";
		};
		1E0739C12D244CB0003293D6 /* GTBFITAPP */ = {
			isa = PBXGroup;
			children = (
				1E0739C22D244CB0003293D6 /* GTBFITAPPApp.swift */,
				1E0739C42D244CB0003293D6 /* ContentView.swift */,
				1E0739C62D244CB1003293D6 /* Assets.xcassets */,
				1E0739FF2D24F29A003293D6 /* logo */,
				1E0739CB2D244CB1003293D6 /* Persistence.swift */,
				1E0739CD2D244CB1003293D6 /* GTBFITAPP.xcdatamodeld */,
				1E0739C82D244CB1003293D6 /* Preview Content */,
				1E0739F12D244ED0003293D6 /* MainView.swift */,
				1E0739F32D2451D0003293D6 /* LogFoodView.swift */,
				1E0739F52D245C22003293D6 /* FoodLookupView.swift */,
				1E0739F72D2470C0003293D6 /* LogExerciseView.swift */,
				1E0739F92D24D162003293D6 /* FoodLookupEntry.swift */,
				1E0739FB2D24ED27003293D6 /* ExerciseTableView.swift */,
				1E0739FD2D24EF9A003293D6 /* JournalView.swift */,
			);
			path = GTBFITAPP;
			sourceTree = "<group>";
		};
		1E0739C82D244CB1003293D6 /* Preview Content */ = {
			isa = PBXGroup;
			children = (
				1E0739C92D244CB1003293D6 /* Preview Assets.xcassets */,
			);
			path = "Preview Content";
			sourceTree = "<group>";
		};
		1E0739D72D244CB1003293D6 /* GTBFITAPPTests */ = {
			isa = PBXGroup;
			children = (
				1E0739D82D244CB1003293D6 /* GTBFITAPPTests.swift */,
			);
			path = GTBFITAPPTests;
			sourceTree = "<group>";
		};
		1E0739E12D244CB1003293D6 /* GTBFITAPPUITests */ = {
			isa = PBXGroup;
			children = (
				1E0739E22D244CB1003293D6 /* GTBFITAPPUITests.swift */,
				1E0739E42D244CB1003293D6 /* GTBFITAPPUITestsLaunchTests.swift */,
			);
			path = GTBFITAPPUITests;
			sourceTree = "<group>";
		};
/* End PBXGroup section */

/* Begin PBXNativeTarget section */
		1E0739BE2D244CB0003293D6 /* GTBFITAPP */ = {
			isa = PBXNativeTarget;
			buildConfigurationList = 1E0739E82D244CB1003293D6 /* Build configuration list for PBXNativeTarget "GTBFITAPP" */;
			buildPhases = (
				1E0739BB2D244CB0003293D6 /* Sources */,
				1E0739BC2D244CB0003293D6 /* Frameworks */,
				1E0739BD2D244CB0003293D6 /* Resources */,
			);
			buildRules = (
			);
			dependencies = (
			);
			name = GTBFITAPP;
			productName = GTBFITAPP;
			productReference = 1E0739BF2D244CB0003293D6 /* GTBFITAPP.app */;
			productType = "com.apple.product-type.application";
		};
		1E0739D32D244CB1003293D6 /* GTBFITAPPTests */ = {
			isa = PBXNativeTarget;
			buildConfigurationList = 1E0739EB2D244CB1003293D6 /* Build configuration list for PBXNativeTarget "GTBFITAPPTests" */;
			buildPhases = (
				1E0739D02D244CB1003293D6 /* Sources */,
				1E0739D12D244CB1003293D6 /* Frameworks */,
				1E0739D22D244CB1003293D6 /* Resources */,
			);
			buildRules = (
			);
			dependencies = (
				1E0739D62D244CB1003293D6 /* PBXTargetDependency */,
			);
			name = GTBFITAPPTests;
			productName = GTBFITAPPTests;
			productReference = 1E0739D42D244CB1003293D6 /* GTBFITAPPTests.xctest */;
			productType = "com.apple.product-type.bundle.unit-test";
		};
		1E0739DD2D244CB1003293D6 /* GTBFITAPPUITests */ = {
			isa = PBXNativeTarget;
			buildConfigurationList = 1E0739EE2D244CB1003293D6 /* Build configuration list for PBXNativeTarget "GTBFITAPPUITests" */;
			buildPhases = (
				1E0739DA2D244CB1003293D6 /* Sources */,
				1E0739DB2D244CB1003293D6 /* Frameworks */,
				1E0739DC2D244CB1003293D6 /* Resources */,
			);
			buildRules = (
			);
			dependencies = (
				1E0739E02D244CB1003293D6 /* PBXTargetDependency */,
			);
			name = GTBFITAPPUITests;
			productName = GTBFITAPPUITests;
			productReference = 1E0739DE2D244CB1003293D6 /* GTBFITAPPUITests.xctest */;
			productType = "com.apple.product-type.bundle.ui-testing";
		};
/* End PBXNativeTarget section */

/* Begin PBXProject section */
		1E0739B72D244CB0003293D6 /* Project object */ = {
			isa = PBXProject;
			attributes = {
				BuildIndependentTargetsInParallel = 1;
				LastSwiftUpdateCheck = 1400;
				LastUpgradeCheck = 1400;
				TargetAttributes = {
					1E0739BE2D244CB0003293D6 = {
						CreatedOnToolsVersion = 14.0.1;
					};
					1E0739D32D244CB1003293D6 = {
						CreatedOnToolsVersion = 14.0.1;
						TestTargetID = 1E0739BE2D244CB0003293D6;
					};
					1E0739DD2D244CB1003293D6 = {
						CreatedOnToolsVersion = 14.0.1;
						TestTargetID = 1E0739BE2D244CB0003293D6;
					};
				};
			};
			buildConfigurationList = 1E0739BA2D244CB0003293D6 /* Build configuration list for PBXProject "GTBFITAPP" */;
			compatibilityVersion = "Xcode 14.0";
			developmentRegion = en;
			hasScannedForEncodings = 0;
			knownRegions = (
				en,
				Base,
			);
			mainGroup = 1E0739B62D244CB0003293D6;
			productRefGroup = 1E0739C02D244CB0003293D6 /* Products */;
			projectDirPath = "";
			projectRoot = "";
			targets = (
				1E0739BE2D244CB0003293D6 /* GTBFITAPP */,
				1E0739D32D244CB1003293D6 /* GTBFITAPPTests */,
				1E0739DD2D244CB1003293D6 /* GTBFITAPPUITests */,
			);
		};
/* End PBXProject section */

/* Begin PBXResourcesBuildPhase section */
		1E0739BD2D244CB0003293D6 /* Resources */ = {
			isa = PBXResourcesBuildPhase;
			buildActionMask = 2147483647;
			files = (
				1E0739CA2D244CB1003293D6 /* Preview Assets.xcassets in Resources */,
				1E073A002D24F29A003293D6 /* logo in Resources */,
				1E0739C72D244CB1003293D6 /* Assets.xcassets in Resources */,
			);
			runOnlyForDeploymentPostprocessing = 0;
		};
		1E0739D22D244CB1003293D6 /* Resources */ = {
			isa = PBXResourcesBuildPhase;
			buildActionMask = 2147483647;
			files = (
			);
			runOnlyForDeploymentPostprocessing = 0;
		};
		1E0739DC2D244CB1003293D6 /* Resources */ = {
			isa = PBXResourcesBuildPhase;
			buildActionMask = 2147483647;
			files = (
			);
			runOnlyForDeploymentPostprocessing = 0;
		};
/* End PBXResourcesBuildPhase section */

/* Begin PBXSourcesBuildPhase section */
		1E0739BB2D244CB0003293D6 /* Sources */ = {
			isa = PBXSourcesBuildPhase;
			buildActionMask = 2147483647;
			files = (
				1E0739FE2D24EF9A003293D6 /* JournalView.swift in Sources */,
				1E0739CC2D244CB1003293D6 /* Persistence.swift in Sources */,
				1E0739C52D244CB0003293D6 /* ContentView.swift in Sources */,
				1E0739C32D244CB0003293D6 /* GTBFITAPPApp.swift in Sources */,
				1E0739FA2D24D162003293D6 /* FoodLookupEntry.swift in Sources */,
				1E0739F22D244ED0003293D6 /* MainView.swift in Sources */,
				1E0739CF2D244CB1003293D6 /* GTBFITAPP.xcdatamodeld in Sources */,
				1E0739F82D2470C0003293D6 /* LogExerciseView.swift in Sources */,
				1E0739F42D2451D0003293D6 /* LogFoodView.swift in Sources */,
				1E0739F62D245C22003293D6 /* FoodLookupView.swift in Sources */,
				1E0739FC2D24ED27003293D6 /* ExerciseTableView.swift in Sources */,
			);
			runOnlyForDeploymentPostprocessing = 0;
		};
		1E0739D02D244CB1003293D6 /* Sources */ = {
			isa = PBXSourcesBuildPhase;
			buildActionMask = 2147483647;
			files = (
				1E0739D92D244CB1003293D6 /* GTBFITAPPTests.swift in Sources */,
			);
			runOnlyForDeploymentPostprocessing = 0;
		};
		1E0739DA2D244CB1003293D6 /* Sources */ = {
			isa = PBXSourcesBuildPhase;
			buildActionMask = 2147483647;
			files = (
				1E0739E52D244CB1003293D6 /* GTBFITAPPUITestsLaunchTests.swift in Sources */,
				1E0739E32D244CB1003293D6 /* GTBFITAPPUITests.swift in Sources */,
			);
			runOnlyForDeploymentPostprocessing = 0;
		};
/* End PBXSourcesBuildPhase section */

/* Begin PBXTargetDependency section */
		1E0739D62D244CB1003293D6 /* PBXTargetDependency */ = {
			isa = PBXTargetDependency;
			target = 1E0739BE2D244CB0003293D6 /* GTBFITAPP */;
			targetProxy = 1E0739D52D244CB1003293D6 /* PBXContainerItemProxy */;
		};
		1E0739E02D244CB1003293D6 /* PBXTargetDependency */ = {
			isa = PBXTargetDependency;
			target = 1E0739BE2D244CB0003293D6 /* GTBFITAPP */;
			targetProxy = 1E0739DF2D244CB1003293D6 /* PBXContainerItemProxy */;
		};
/* End PBXTargetDependency section */

/* Begin XCBuildConfiguration section */
		1E0739E62D244CB1003293D6 /* Debug */ = {
			isa = XCBuildConfiguration;
			buildSettings = {
				ALWAYS_SEARCH_USER_PATHS = NO;
				CLANG_ANALYZER_NONNULL = YES;
				CLANG_ANALYZER_NUMBER_OBJECT_CONVERSION = YES_AGGRESSIVE;
				CLANG_CXX_LANGUAGE_STANDARD = "gnu++20";
				CLANG_ENABLE_MODULES = YES;
				CLANG_ENABLE_OBJC_ARC = YES;
				CLANG_ENABLE_OBJC_WEAK = YES;
				CLANG_WARN_BLOCK_CAPTURE_AUTORELEASING = YES;
				CLANG_WARN_BOOL_CONVERSION = YES;
				CLANG_WARN_COMMA = YES;
				CLANG_WARN_CONSTANT_CONVERSION = YES;
				CLANG_WARN_DEPRECATED_OBJC_IMPLEMENTATIONS = YES;
				CLANG_WARN_DIRECT_OBJC_ISA_USAGE = YES_ERROR;
				CLANG_WARN_DOCUMENTATION_COMMENTS = YES;
				CLANG_WARN_EMPTY_BODY = YES;
				CLANG_WARN_ENUM_CONVERSION = YES;
				CLANG_WARN_INFINITE_RECURSION = YES;
				CLANG_WARN_INT_CONVERSION = YES;
				CLANG_WARN_NON_LITERAL_NULL_CONVERSION = YES;
				CLANG_WARN_OBJC_IMPLICIT_RETAIN_SELF = YES;
				CLANG_WARN_OBJC_LITERAL_CONVERSION = YES;
				CLANG_WARN_OBJC_ROOT_CLASS = YES_ERROR;
				CLANG_WARN_QUOTED_INCLUDE_IN_FRAMEWORK_HEADER = YES;
				CLANG_WARN_RANGE_LOOP_ANALYSIS = YES;
				CLANG_WARN_STRICT_PROTOTYPES = YES;
				CLANG_WARN_SUSPICIOUS_MOVE = YES;
				CLANG_WARN_UNGUARDED_AVAILABILITY = YES_AGGRESSIVE;
				CLANG_WARN_UNREACHABLE_CODE = YES;
				CLANG_WARN__DUPLICATE_METHOD_MATCH = YES;
				COPY_PHASE_STRIP = NO;
				DEBUG_INFORMATION_FORMAT = dwarf;
				ENABLE_STRICT_OBJC_MSGSEND = YES;
				ENABLE_TESTABILITY = YES;
				GCC_C_LANGUAGE_STANDARD = gnu11;
				GCC_DYNAMIC_NO_PIC = NO;
				GCC_NO_COMMON_BLOCKS = YES;
				GCC_OPTIMIZATION_LEVEL = 0;
				GCC_PREPROCESSOR_DEFINITIONS = (
					"DEBUG=1",
					"$(inherited)",
				);
				GCC_WARN_64_TO_32_BIT_CONVERSION = YES;
				GCC_WARN_ABOUT_RETURN_TYPE = YES_ERROR;
				GCC_WARN_UNDECLARED_SELECTOR = YES;
				GCC_WARN_UNINITIALIZED_AUTOS = YES_AGGRESSIVE;
				GCC_WARN_UNUSED_FUNCTION = YES;
				GCC_WARN_UNUSED_VARIABLE = YES;
				IPHONEOS_DEPLOYMENT_TARGET = 16.0;
				MTL_ENABLE_DEBUG_INFO = INCLUDE_SOURCE;
				MTL_FAST_MATH = YES;
				ONLY_ACTIVE_ARCH = YES;
				SDKROOT = iphoneos;
				SWIFT_ACTIVE_COMPILATION_CONDITIONS = DEBUG;
				SWIFT_OPTIMIZATION_LEVEL = "-Onone";
			};
			name = Debug;
		};
		1E0739E72D244CB1003293D6 /* Release */ = {
			isa = XCBuildConfiguration;
			buildSettings = {
				ALWAYS_SEARCH_USER_PATHS = NO;
				CLANG_ANALYZER_NONNULL = YES;
				CLANG_ANALYZER_NUMBER_OBJECT_CONVERSION = YES_AGGRESSIVE;
				CLANG_CXX_LANGUAGE_STANDARD = "gnu++20";
				CLANG_ENABLE_MODULES = YES;
				CLANG_ENABLE_OBJC_ARC = YES;
				CLANG_ENABLE_OBJC_WEAK = YES;
				CLANG_WARN_BLOCK_CAPTURE_AUTORELEASING = YES;
				CLANG_WARN_BOOL_CONVERSION = YES;
				CLANG_WARN_COMMA = YES;
				CLANG_WARN_CONSTANT_CONVERSION = YES;
				CLANG_WARN_DEPRECATED_OBJC_IMPLEMENTATIONS = YES;
				CLANG_WARN_DIRECT_OBJC_ISA_USAGE = YES_ERROR;
				CLANG_WARN_DOCUMENTATION_COMMENTS = YES;
				CLANG_WARN_EMPTY_BODY = YES;
				CLANG_WARN_ENUM_CONVERSION = YES;
				CLANG_WARN_INFINITE_RECURSION = YES;
				CLANG_WARN_INT_CONVERSION = YES;
				CLANG_WARN_NON_LITERAL_NULL_CONVERSION = YES;
				CLANG_WARN_OBJC_IMPLICIT_RETAIN_SELF = YES;
				CLANG_WARN_OBJC_LITERAL_CONVERSION = YES;
				CLANG_WARN_OBJC_ROOT_CLASS = YES_ERROR;
				CLANG_WARN_QUOTED_INCLUDE_IN_FRAMEWORK_HEADER = YES;
				CLANG_WARN_RANGE_LOOP_ANALYSIS = YES;
				CLANG_WARN_STRICT_PROTOTYPES = YES;
				CLANG_WARN_SUSPICIOUS_MOVE = YES;
				CLANG_WARN_UNGUARDED_AVAILABILITY = YES_AGGRESSIVE;
				CLANG_WARN_UNREACHABLE_CODE = YES;
				CLANG_WARN__DUPLICATE_METHOD_MATCH = YES;
				COPY_PHASE_STRIP = NO;
				DEBUG_INFORMATION_FORMAT = "dwarf-with-dsym";
				ENABLE_NS_ASSERTIONS = NO;
				ENABLE_STRICT_OBJC_MSGSEND = YES;
				GCC_C_LANGUAGE_STANDARD = gnu11;
				GCC_NO_COMMON_BLOCKS = YES;
				GCC_WARN_64_TO_32_BIT_CONVERSION = YES;
				GCC_WARN_ABOUT_RETURN_TYPE = YES_ERROR;
				GCC_WARN_UNDECLARED_SELECTOR = YES;
				GCC_WARN_UNINITIALIZED_AUTOS = YES_AGGRESSIVE;
				GCC_WARN_UNUSED_FUNCTION = YES;
				GCC_WARN_UNUSED_VARIABLE = YES;
				IPHONEOS_DEPLOYMENT_TARGET = 16.0;
				MTL_ENABLE_DEBUG_INFO = NO;
				MTL_FAST_MATH = YES;
				SDKROOT = iphoneos;
				SWIFT_COMPILATION_MODE = wholemodule;
				SWIFT_OPTIMIZATION_LEVEL = "-O";
				VALIDATE_PRODUCT = YES;
			};
			name = Release;
		};
		1E0739E92D244CB1003293D6 /* Debug */ = {
			isa = XCBuildConfiguration;
			buildSettings = {
				ASSETCATALOG_COMPILER_APPICON_NAME = AppIcon;
				ASSETCATALOG_COMPILER_GLOBAL_ACCENT_COLOR_NAME = AccentColor;
				CODE_SIGN_STYLE = Automatic;
				CURRENT_PROJECT_VERSION = 1;
				DEVELOPMENT_ASSET_PATHS = "\"GTBFITAPP/Preview Content\"";
				DEVELOPMENT_TEAM = QBL45C9TVM;
				ENABLE_PREVIEWS = YES;
				GENERATE_INFOPLIST_FILE = YES;
				INFOPLIST_KEY_UIApplicationSceneManifest_Generation = YES;
				INFOPLIST_KEY_UIApplicationSupportsIndirectInputEvents = YES;
				INFOPLIST_KEY_UILaunchScreen_Generation = YES;
				INFOPLIST_KEY_UISupportedInterfaceOrientations_iPad = "UIInterfaceOrientationPortrait UIInterfaceOrientationPortraitUpsideDown UIInterfaceOrientationLandscapeLeft UIInterfaceOrientationLandscapeRight";
				INFOPLIST_KEY_UISupportedInterfaceOrientations_iPhone = "UIInterfaceOrientationPortrait UIInterfaceOrientationLandscapeLeft UIInterfaceOrientationLandscapeRight";
				LD_RUNPATH_SEARCH_PATHS = (
					"$(inherited)",
					"@executable_path/Frameworks",
				);
				MARKETING_VERSION = 1.0;
				PRODUCT_BUNDLE_IDENTIFIER = GTB.GTBFITAPP;
				PRODUCT_NAME = "$(TARGET_NAME)";
				SWIFT_EMIT_LOC_STRINGS = YES;
				SWIFT_VERSION = 5.0;
				TARGETED_DEVICE_FAMILY = "1,2";
			};
			name = Debug;
		};
		1E0739EA2D244CB1003293D6 /* Release */ = {
			isa = XCBuildConfiguration;
			buildSettings = {
				ASSETCATALOG_COMPILER_APPICON_NAME = AppIcon;
				ASSETCATALOG_COMPILER_GLOBAL_ACCENT_COLOR_NAME = AccentColor;
				CODE_SIGN_STYLE = Automatic;
				CURRENT_PROJECT_VERSION = 1;
				DEVELOPMENT_ASSET_PATHS = "\"GTBFITAPP/Preview Content\"";
				DEVELOPMENT_TEAM = QBL45C9TVM;
				ENABLE_PREVIEWS = YES;
				GENERATE_INFOPLIST_FILE = YES;
				INFOPLIST_KEY_UIApplicationSceneManifest_Generation = YES;
				INFOPLIST_KEY_UIApplicationSupportsIndirectInputEvents = YES;
				INFOPLIST_KEY_UILaunchScreen_Generation = YES;
				INFOPLIST_KEY_UISupportedInterfaceOrientations_iPad = "UIInterfaceOrientationPortrait UIInterfaceOrientationPortraitUpsideDown UIInterfaceOrientationLandscapeLeft UIInterfaceOrientationLandscapeRight";
				INFOPLIST_KEY_UISupportedInterfaceOrientations_iPhone = "UIInterfaceOrientationPortrait UIInterfaceOrientationLandscapeLeft UIInterfaceOrientationLandscapeRight";
				LD_RUNPATH_SEARCH_PATHS = (
					"$(inherited)",
					"@executable_path/Frameworks",
				);
				MARKETING_VERSION = 1.0;
				PRODUCT_BUNDLE_IDENTIFIER = GTB.GTBFITAPP;
				PRODUCT_NAME = "$(TARGET_NAME)";
				SWIFT_EMIT_LOC_STRINGS = YES;
				SWIFT_VERSION = 5.0;
				TARGETED_DEVICE_FAMILY = "1,2";
			};
			name = Release;
		};
		1E0739EC2D244CB1003293D6 /* Debug */ = {
			isa = XCBuildConfiguration;
			buildSettings = {
				ALWAYS_EMBED_SWIFT_STANDARD_LIBRARIES = YES;
				BUNDLE_LOADER = "$(TEST_HOST)";
				CODE_SIGN_STYLE = Automatic;
				CURRENT_PROJECT_VERSION = 1;
				DEVELOPMENT_TEAM = QBL45C9TVM;
				GENERATE_INFOPLIST_FILE = YES;
				IPHONEOS_DEPLOYMENT_TARGET = 16.0;
				MARKETING_VERSION = 1.0;
				PRODUCT_BUNDLE_IDENTIFIER = GTB.GTBFITAPPTests;
				PRODUCT_NAME = "$(TARGET_NAME)";
				SWIFT_EMIT_LOC_STRINGS = NO;
				SWIFT_VERSION = 5.0;
				TARGETED_DEVICE_FAMILY = "1,2";
				TEST_HOST = "$(BUILT_PRODUCTS_DIR)/GTBFITAPP.app/$(BUNDLE_EXECUTABLE_FOLDER_PATH)/GTBFITAPP";
			};
			name = Debug;
		};
		1E0739ED2D244CB1003293D6 /* Release */ = {
			isa = XCBuildConfiguration;
			buildSettings = {
				ALWAYS_EMBED_SWIFT_STANDARD_LIBRARIES = YES;
				BUNDLE_LOADER = "$(TEST_HOST)";
				CODE_SIGN_STYLE = Automatic;
				CURRENT_PROJECT_VERSION = 1;
				DEVELOPMENT_TEAM = QBL45C9TVM;
				GENERATE_INFOPLIST_FILE = YES;
				IPHONEOS_DEPLOYMENT_TARGET = 16.0;
				MARKETING_VERSION = 1.0;
				PRODUCT_BUNDLE_IDENTIFIER = GTB.GTBFITAPPTests;
				PRODUCT_NAME = "$(TARGET_NAME)";
				SWIFT_EMIT_LOC_STRINGS = NO;
				SWIFT_VERSION = 5.0;
				TARGETED_DEVICE_FAMILY = "1,2";
				TEST_HOST = "$(BUILT_PRODUCTS_DIR)/GTBFITAPP.app/$(BUNDLE_EXECUTABLE_FOLDER_PATH)/GTBFITAPP";
			};
			name = Release;
		};
		1E0739EF2D244CB1003293D6 /* Debug */ = {
			isa = XCBuildConfiguration;
			buildSettings = {
				ALWAYS_EMBED_SWIFT_STANDARD_LIBRARIES = YES;
				CODE_SIGN_STYLE = Automatic;
				CURRENT_PROJECT_VERSION = 1;
				DEVELOPMENT_TEAM = QBL45C9TVM;
				GENERATE_INFOPLIST_FILE = YES;
				MARKETING_VERSION = 1.0;
				PRODUCT_BUNDLE_IDENTIFIER = GTB.GTBFITAPPUITests;
				PRODUCT_NAME = "$(TARGET_NAME)";
				SWIFT_EMIT_LOC_STRINGS = NO;
				SWIFT_VERSION = 5.0;
				TARGETED_DEVICE_FAMILY = "1,2";
				TEST_TARGET_NAME = GTBFITAPP;
			};
			name = Debug;
		};
		1E0739F02D244CB1003293D6 /* Release */ = {
			isa = XCBuildConfiguration;
			buildSettings = {
				ALWAYS_EMBED_SWIFT_STANDARD_LIBRARIES = YES;
				CODE_SIGN_STYLE = Automatic;
				CURRENT_PROJECT_VERSION = 1;
				DEVELOPMENT_TEAM = QBL45C9TVM;
				GENERATE_INFOPLIST_FILE = YES;
				MARKETING_VERSION = 1.0;
				PRODUCT_BUNDLE_IDENTIFIER = GTB.GTBFITAPPUITests;
				PRODUCT_NAME = "$(TARGET_NAME)";
				SWIFT_EMIT_LOC_STRINGS = NO;
				SWIFT_VERSION = 5.0;
				TARGETED_DEVICE_FAMILY = "1,2";
				TEST_TARGET_NAME = GTBFITAPP;
			};
			name = Release;
		};
/* End XCBuildConfiguration section */

/* Begin XCConfigurationList section */
		1E0739BA2D244CB0003293D6 /* Build configuration list for PBXProject "GTBFITAPP" */ = {
			isa = XCConfigurationList;
			buildConfigurations = (
				1E0739E62D244CB1003293D6 /* Debug */,
				1E0739E72D244CB1003293D6 /* Release */,
			);
			defaultConfigurationIsVisible = 0;
			defaultConfigurationName = Release;
		};
		1E0739E82D244CB1003293D6 /* Build configuration list for PBXNativeTarget "GTBFITAPP" */ = {
			isa = XCConfigurationList;
			buildConfigurations = (
				1E0739E92D244CB1003293D6 /* Debug */,
				1E0739EA2D244CB1003293D6 /* Release */,
			);
			defaultConfigurationIsVisible = 0;
			defaultConfigurationName = Release;
		};
		1E0739EB2D244CB1003293D6 /* Build configuration list for PBXNativeTarget "GTBFITAPPTests" */ = {
			isa = XCConfigurationList;
			buildConfigurations = (
				1E0739EC2D244CB1003293D6 /* Debug */,
				1E0739ED2D244CB1003293D6 /* Release */,
			);
			defaultConfigurationIsVisible = 0;
			defaultConfigurationName = Release;
		};
		1E0739EE2D244CB1003293D6 /* Build configuration list for PBXNativeTarget "GTBFITAPPUITests" */ = {
			isa = XCConfigurationList;
			buildConfigurations = (
				1E0739EF2D244CB1003293D6 /* Debug */,
				1E0739F02D244CB1003293D6 /* Release */,
			);
			defaultConfigurationIsVisible = 0;
			defaultConfigurationName = Release;
		};
/* End XCConfigurationList section */

/* Begin XCVersionGroup section */
		1E0739CD2D244CB1003293D6 /* GTBFITAPP.xcdatamodeld */ = {
			isa = XCVersionGroup;
			children = (
				1E0739CE2D244CB1003293D6 /* GTBFITAPP.xcdatamodel */,
			);
			currentVersion = 1E0739CE2D244CB1003293D6 /* GTBFITAPP.xcdatamodel */;
			path = GTBFITAPP.xcdatamodeld;
			sourceTree = "<group>";
			versionGroupType = wrapper.xcdatamodel;
		};
/* End XCVersionGroup section */
	};
	rootObject = 1E0739B72D244CB0003293D6 /* Project object */;
}
